
Microsoft Visual Studio Solution File, Format Version 12.00
# Visual Studio Version 17
VisualStudioVersion = 17.10.35027.167
MinimumVisualStudioVersion = 10.0.40219.1
Project("{00D1A9C2-B5F0-4AF3-8072-F6C62B433612}") = "BIMS_database", "BIMS_database.sqlproj", "{31FCE130-EA13-447F-88B8-B16F175E415C}"
EndProject
Global
	GlobalSection(SolutionConfigurationPlatforms) = preSolution
		Debug|Any CPU = Debug|Any CPU
		Release|Any CPU = Release|Any CPU
	EndGlobalSection
	GlobalSection(ProjectConfigurationPlatforms) = postSolution
		{31FCE130-EA13-447F-88B8-B16F175E415C}.Debug|Any CPU.ActiveCfg = Debug|Any CPU
		{31FCE130-EA13-447F-88B8-B16F175E415C}.Debug|Any CPU.Build.0 = Debug|Any CPU
		{31FCE130-EA13-447F-88B8-B16F175E415C}.Debug|Any CPU.Deploy.0 = Debug|Any CPU
		{31FCE130-EA13-447F-88B8-B16F175E415C}.Release|Any CPU.ActiveCfg = Release|Any CPU
		{31FCE130-EA13-447F-88B8-B16F175E415C}.Release|Any CPU.Build.0 = Release|Any CPU
		{31FCE130-EA13-447F-88B8-B16F175E415C}.Release|Any CPU.Deploy.0 = Release|Any CPU
	EndGlobalSection
	GlobalSection(SolutionProperties) = preSolution
		HideSolutionNode = FALSE
	EndGlobalSection
	GlobalSection(ExtensibilityGlobals) = postSolution
		SolutionGuid = {4C35E144-E83F-4060-949D-4F95CAE10296}
	EndGlobalSection
EndGlobal
